
Microsoft Visual Studio Solution File, Format Version 12.00
# Visual Studio Version 16
VisualStudioVersion = 16.0.29609.76
MinimumVisualStudioVersion = 10.0.40219.1
Project("{FAE04EC0-301F-11D3-BF4B-00C04F79EFBC}") = "DockerExporter", "DockerExporter.csproj", "{A961E4EB-A444-4DCD-AE0F-48F5FDBFA88F}"
EndProject
Global
	GlobalSection(SolutionConfigurationPlatforms) = preSolution
		Debug|Any CPU = Debug|Any CPU
		Release|Any CPU = Release|Any CPU
	EndGlobalSection
	GlobalSection(ProjectConfigurationPlatforms) = postSolution
		{A961E4EB-A444-4DCD-AE0F-48F5FDBFA88F}.Debug|Any CPU.ActiveCfg = Debug|Any CPU
		{A961E4EB-A444-4DCD-AE0F-48F5FDBFA88F}.Debug|Any CPU.Build.0 = Debug|Any CPU
		{A961E4EB-A444-4DCD-AE0F-48F5FDBFA88F}.Release|Any CPU.ActiveCfg = Release|Any CPU
		{A961E4EB-A444-4DCD-AE0F-48F5FDBFA88F}.Release|Any CPU.Build.0 = Release|Any CPU
	EndGlobalSection
	GlobalSection(SolutionProperties) = preSolution
		HideSolutionNode = FALSE
	EndGlobalSection
	GlobalSection(ExtensibilityGlobals) = postSolution
		SolutionGuid = {645E4C22-DEE1-4A82-AD14-9C7036CA28C0}
	EndGlobalSection
EndGlobal
